
Microsoft Visual Studio Solution File, Format Version 12.00
# Visual Studio Version 17
VisualStudioVersion = 17.10.35013.160
MinimumVisualStudioVersion = 10.0.40219.1
Project("{FAE04EC0-301F-11D3-BF4B-00C04F79EFBC}") = "appQuiz4", "appQuiz4\appQuiz4.csproj", "{D89D89CE-1F5C-4E7B-BA66-1A995F536068}"
EndProject
Global
	GlobalSection(SolutionConfigurationPlatforms) = preSolution
		Debug|Any CPU = Debug|Any CPU
		Release|Any CPU = Release|Any CPU
	EndGlobalSection
	GlobalSection(ProjectConfigurationPlatforms) = postSolution
		{D89D89CE-1F5C-4E7B-BA66-1A995F536068}.Debug|Any CPU.ActiveCfg = Debug|Any CPU
		{D89D89CE-1F5C-4E7B-BA66-1A995F536068}.Debug|Any CPU.Build.0 = Debug|Any CPU
		{D89D89CE-1F5C-4E7B-BA66-1A995F536068}.Release|Any CPU.ActiveCfg = Release|Any CPU
		{D89D89CE-1F5C-4E7B-BA66-1A995F536068}.Release|Any CPU.Build.0 = Release|Any CPU
	EndGlobalSection
	GlobalSection(SolutionProperties) = preSolution
		HideSolutionNode = FALSE
	EndGlobalSection
	GlobalSection(ExtensibilityGlobals) = postSolution
		SolutionGuid = {86B0044F-9987-45CE-8F6B-15DA9FF5BD14}
	EndGlobalSection
EndGlobal
